
Microsoft Visual Studio Solution File, Format Version 12.00
# Visual Studio 2015
Project("{FAE04EC0-301F-11D3-BF4B-00C04F79EFBC}") = "rdw-unitylab.Plugins", "rdw-unitylab.Plugins.csproj", "{EDFC9903-FD0A-3CD0-A584-5AE332E77BBB}"
EndProject
Project("{FAE04EC0-301F-11D3-BF4B-00C04F79EFBC}") = "rdw-unitylab", "rdw-unitylab.csproj", "{BD1B3B73-4083-66D2-7A0B-5DD54823DB31}"
EndProject
Project("{FAE04EC0-301F-11D3-BF4B-00C04F79EFBC}") = "rdw-unitylab.Editor", "rdw-unitylab.Editor.csproj", "{D7FA3980-9009-856F-1977-FAE7308EB9AF}"
EndProject
Global
	GlobalSection(SolutionConfigurationPlatforms) = preSolution
		Debug|Any CPU = Debug|Any CPU
		Release|Any CPU = Release|Any CPU
	EndGlobalSection
	GlobalSection(ProjectConfigurationPlatforms) = postSolution
		{EDFC9903-FD0A-3CD0-A584-5AE332E77BBB}.Debug|Any CPU.ActiveCfg = Debug|Any CPU
		{EDFC9903-FD0A-3CD0-A584-5AE332E77BBB}.Debug|Any CPU.Build.0 = Debug|Any CPU
		{EDFC9903-FD0A-3CD0-A584-5AE332E77BBB}.Release|Any CPU.ActiveCfg = Release|Any CPU
		{EDFC9903-FD0A-3CD0-A584-5AE332E77BBB}.Release|Any CPU.Build.0 = Release|Any CPU
		{BD1B3B73-4083-66D2-7A0B-5DD54823DB31}.Debug|Any CPU.ActiveCfg = Debug|Any CPU
		{BD1B3B73-4083-66D2-7A0B-5DD54823DB31}.Debug|Any CPU.Build.0 = Debug|Any CPU
		{BD1B3B73-4083-66D2-7A0B-5DD54823DB31}.Release|Any CPU.ActiveCfg = Release|Any CPU
		{BD1B3B73-4083-66D2-7A0B-5DD54823DB31}.Release|Any CPU.Build.0 = Release|Any CPU
		{D7FA3980-9009-856F-1977-FAE7308EB9AF}.Debug|Any CPU.ActiveCfg = Debug|Any CPU
		{D7FA3980-9009-856F-1977-FAE7308EB9AF}.Debug|Any CPU.Build.0 = Debug|Any CPU
		{D7FA3980-9009-856F-1977-FAE7308EB9AF}.Release|Any CPU.ActiveCfg = Release|Any CPU
		{D7FA3980-9009-856F-1977-FAE7308EB9AF}.Release|Any CPU.Build.0 = Release|Any CPU
	EndGlobalSection
	GlobalSection(SolutionProperties) = preSolution
		HideSolutionNode = FALSE
	EndGlobalSection
EndGlobal
